
Microsoft Visual Studio Solution File, Format Version 12.00
# Visual Studio Version 16
VisualStudioVersion = 16.0.31205.134
MinimumVisualStudioVersion = 10.0.40219.1
Project("{9A19103F-16F7-4668-BE54-9A1E7A4F7556}") = "ObserverPatternWeb", "ObserverPatternWeb\ObserverPatternWeb.csproj", "{2C616DFA-DD02-4FD3-8E07-92DF0232D35D}"
EndProject
Project("{9A19103F-16F7-4668-BE54-9A1E7A4F7556}") = "ObserverPattern", "..\ObserverPattern\ObserverPattern.csproj", "{F8FDE767-3BF8-4B8C-A0A0-759EEFCC5729}"
EndProject
Global
	GlobalSection(SolutionConfigurationPlatforms) = preSolution
		Debug|Any CPU = Debug|Any CPU
		Release|Any CPU = Release|Any CPU
	EndGlobalSection
	GlobalSection(ProjectConfigurationPlatforms) = postSolution
		{2C616DFA-DD02-4FD3-8E07-92DF0232D35D}.Debug|Any CPU.ActiveCfg = Debug|Any CPU
		{2C616DFA-DD02-4FD3-8E07-92DF0232D35D}.Debug|Any CPU.Build.0 = Debug|Any CPU
		{2C616DFA-DD02-4FD3-8E07-92DF0232D35D}.Release|Any CPU.ActiveCfg = Release|Any CPU
		{2C616DFA-DD02-4FD3-8E07-92DF0232D35D}.Release|Any CPU.Build.0 = Release|Any CPU
		{F8FDE767-3BF8-4B8C-A0A0-759EEFCC5729}.Debug|Any CPU.ActiveCfg = Debug|Any CPU
		{F8FDE767-3BF8-4B8C-A0A0-759EEFCC5729}.Debug|Any CPU.Build.0 = Debug|Any CPU
		{F8FDE767-3BF8-4B8C-A0A0-759EEFCC5729}.Release|Any CPU.ActiveCfg = Release|Any CPU
		{F8FDE767-3BF8-4B8C-A0A0-759EEFCC5729}.Release|Any CPU.Build.0 = Release|Any CPU
	EndGlobalSection
	GlobalSection(SolutionProperties) = preSolution
		HideSolutionNode = FALSE
	EndGlobalSection
	GlobalSection(ExtensibilityGlobals) = postSolution
		SolutionGuid = {4B533257-42F8-4316-86C0-350E7CE89D1B}
		RESX_NeutralResourcesLanguage = en-US
	EndGlobalSection
EndGlobal
